
Microsoft Visual Studio Solution File, Format Version 12.00
# Visual Studio 15
VisualStudioVersion = 15.0.27703.2047
MinimumVisualStudioVersion = 10.0.40219.1
Project("{FAE04EC0-301F-11D3-BF4B-00C04F79EFBC}") = "EFcore", "EFcore\EFcore.csproj", "{58175491-0C33-4735-8DFF-78295009C213}"
EndProject
Global
	GlobalSection(SolutionConfigurationPlatforms) = preSolution
		Debug|Any CPU = Debug|Any CPU
		Release|Any CPU = Release|Any CPU
	EndGlobalSection
	GlobalSection(ProjectConfigurationPlatforms) = postSolution
		{58175491-0C33-4735-8DFF-78295009C213}.Debug|Any CPU.ActiveCfg = Debug|Any CPU
		{58175491-0C33-4735-8DFF-78295009C213}.Debug|Any CPU.Build.0 = Debug|Any CPU
		{58175491-0C33-4735-8DFF-78295009C213}.Release|Any CPU.ActiveCfg = Release|Any CPU
		{58175491-0C33-4735-8DFF-78295009C213}.Release|Any CPU.Build.0 = Release|Any CPU
	EndGlobalSection
	GlobalSection(SolutionProperties) = preSolution
		HideSolutionNode = FALSE
	EndGlobalSection
	GlobalSection(ExtensibilityGlobals) = postSolution
		SolutionGuid = {91980E16-83A7-4BDF-B83E-5F6604B77E3D}
	EndGlobalSection
EndGlobal
