
Microsoft Visual Studio Solution File, Format Version 12.00
# Visual Studio 15
VisualStudioVersion = 15.0.27703.2042
MinimumVisualStudioVersion = 10.0.40219.1
Project("{FAE04EC0-301F-11D3-BF4B-00C04F79EFBC}") = "CodePractice1", "CodePractice1\CodePractice1.csproj", "{F8FA6C22-6721-4DAA-90B3-033A5A6E9903}"
EndProject
Project("{FAE04EC0-301F-11D3-BF4B-00C04F79EFBC}") = "CodePractice2", "CodePractice2\CodePractice2.csproj", "{444AE14B-9B82-4146-9014-C0BE3FD7AC99}"
EndProject
Global
	GlobalSection(SolutionConfigurationPlatforms) = preSolution
		Debug|Any CPU = Debug|Any CPU
		Release|Any CPU = Release|Any CPU
	EndGlobalSection
	GlobalSection(ProjectConfigurationPlatforms) = postSolution
		{F8FA6C22-6721-4DAA-90B3-033A5A6E9903}.Debug|Any CPU.ActiveCfg = Debug|Any CPU
		{F8FA6C22-6721-4DAA-90B3-033A5A6E9903}.Debug|Any CPU.Build.0 = Debug|Any CPU
		{F8FA6C22-6721-4DAA-90B3-033A5A6E9903}.Release|Any CPU.ActiveCfg = Release|Any CPU
		{F8FA6C22-6721-4DAA-90B3-033A5A6E9903}.Release|Any CPU.Build.0 = Release|Any CPU
		{444AE14B-9B82-4146-9014-C0BE3FD7AC99}.Debug|Any CPU.ActiveCfg = Debug|Any CPU
		{444AE14B-9B82-4146-9014-C0BE3FD7AC99}.Debug|Any CPU.Build.0 = Debug|Any CPU
		{444AE14B-9B82-4146-9014-C0BE3FD7AC99}.Release|Any CPU.ActiveCfg = Release|Any CPU
		{444AE14B-9B82-4146-9014-C0BE3FD7AC99}.Release|Any CPU.Build.0 = Release|Any CPU
	EndGlobalSection
	GlobalSection(SolutionProperties) = preSolution
		HideSolutionNode = FALSE
	EndGlobalSection
	GlobalSection(ExtensibilityGlobals) = postSolution
		SolutionGuid = {548426EC-C7CB-40D1-BA59-C10CE858487A}
	EndGlobalSection
EndGlobal
