
Microsoft Visual Studio Solution File, Format Version 12.00
# Visual Studio 15
VisualStudioVersion = 15.0.27703.2035
MinimumVisualStudioVersion = 10.0.40219.1
Project("{FAE04EC0-301F-11D3-BF4B-00C04F79EFBC}") = "Lesson9.Middleware", "Lesson9.Middleware\Lesson9.Middleware.csproj", "{FDF3DA05-788B-453A-89F2-C23012F766B2}"
EndProject
Project("{FAE04EC0-301F-11D3-BF4B-00C04F79EFBC}") = "WPFasync", "WPFasync\WPFasync.csproj", "{F6F89B05-CB9C-4A35-887D-4183A36C2A7B}"
EndProject
Global
	GlobalSection(SolutionConfigurationPlatforms) = preSolution
		Debug|Any CPU = Debug|Any CPU
		Release|Any CPU = Release|Any CPU
	EndGlobalSection
	GlobalSection(ProjectConfigurationPlatforms) = postSolution
		{FDF3DA05-788B-453A-89F2-C23012F766B2}.Debug|Any CPU.ActiveCfg = Debug|Any CPU
		{FDF3DA05-788B-453A-89F2-C23012F766B2}.Debug|Any CPU.Build.0 = Debug|Any CPU
		{FDF3DA05-788B-453A-89F2-C23012F766B2}.Release|Any CPU.ActiveCfg = Release|Any CPU
		{FDF3DA05-788B-453A-89F2-C23012F766B2}.Release|Any CPU.Build.0 = Release|Any CPU
		{F6F89B05-CB9C-4A35-887D-4183A36C2A7B}.Debug|Any CPU.ActiveCfg = Debug|Any CPU
		{F6F89B05-CB9C-4A35-887D-4183A36C2A7B}.Debug|Any CPU.Build.0 = Debug|Any CPU
		{F6F89B05-CB9C-4A35-887D-4183A36C2A7B}.Release|Any CPU.ActiveCfg = Release|Any CPU
		{F6F89B05-CB9C-4A35-887D-4183A36C2A7B}.Release|Any CPU.Build.0 = Release|Any CPU
	EndGlobalSection
	GlobalSection(SolutionProperties) = preSolution
		HideSolutionNode = FALSE
	EndGlobalSection
	GlobalSection(ExtensibilityGlobals) = postSolution
		SolutionGuid = {FA1A5B8D-BC11-4FC7-9CAC-2446594C5C61}
	EndGlobalSection
EndGlobal
