
Microsoft Visual Studio Solution File, Format Version 12.00
# Visual Studio 15
VisualStudioVersion = 15.0.27703.2035
MinimumVisualStudioVersion = 10.0.40219.1
Project("{FAE04EC0-301F-11D3-BF4B-00C04F79EFBC}") = "JumpToASPNETcore", "JumpToASPNETcore\JumpToASPNETcore.csproj", "{4C8A4EE4-7503-4B9B-999F-294BF2840FAF}"
EndProject
Global
	GlobalSection(SolutionConfigurationPlatforms) = preSolution
		Debug|Any CPU = Debug|Any CPU
		Release|Any CPU = Release|Any CPU
	EndGlobalSection
	GlobalSection(ProjectConfigurationPlatforms) = postSolution
		{4C8A4EE4-7503-4B9B-999F-294BF2840FAF}.Debug|Any CPU.ActiveCfg = Debug|Any CPU
		{4C8A4EE4-7503-4B9B-999F-294BF2840FAF}.Debug|Any CPU.Build.0 = Debug|Any CPU
		{4C8A4EE4-7503-4B9B-999F-294BF2840FAF}.Release|Any CPU.ActiveCfg = Release|Any CPU
		{4C8A4EE4-7503-4B9B-999F-294BF2840FAF}.Release|Any CPU.Build.0 = Release|Any CPU
	EndGlobalSection
	GlobalSection(SolutionProperties) = preSolution
		HideSolutionNode = FALSE
	EndGlobalSection
	GlobalSection(ExtensibilityGlobals) = postSolution
		SolutionGuid = {3BF6BE09-E37A-4F6F-BA9A-C475C2FB560A}
	EndGlobalSection
EndGlobal
